
Microsoft Visual Studio Solution File, Format Version 12.00
# Visual Studio Version 16
VisualStudioVersion = 16.0.29424.173
MinimumVisualStudioVersion = 10.0.40219.1
Project("{FAE04EC0-301F-11D3-BF4B-00C04F79EFBC}") = "CoursXamarinHERITAGE.Android", "CoursXamarinHERITAGE\CoursXamarinHERITAGE.Android\CoursXamarinHERITAGE.Android.csproj", "{E07D222C-99E9-4FCC-B9A1-A2FB17D7B8EA}"
EndProject
Project("{FAE04EC0-301F-11D3-BF4B-00C04F79EFBC}") = "CoursXamarinHERITAGE", "CoursXamarinHERITAGE\CoursXamarinHERITAGE\CoursXamarinHERITAGE.csproj", "{4F11DA18-2AE2-481F-9895-F2AEC88D8F25}"
EndProject
Global
	GlobalSection(SolutionConfigurationPlatforms) = preSolution
		Debug|Any CPU = Debug|Any CPU
		Release|Any CPU = Release|Any CPU
	EndGlobalSection
	GlobalSection(ProjectConfigurationPlatforms) = postSolution
		{E07D222C-99E9-4FCC-B9A1-A2FB17D7B8EA}.Debug|Any CPU.ActiveCfg = Debug|Any CPU
		{E07D222C-99E9-4FCC-B9A1-A2FB17D7B8EA}.Debug|Any CPU.Build.0 = Debug|Any CPU
		{E07D222C-99E9-4FCC-B9A1-A2FB17D7B8EA}.Debug|Any CPU.Deploy.0 = Debug|Any CPU
		{E07D222C-99E9-4FCC-B9A1-A2FB17D7B8EA}.Release|Any CPU.ActiveCfg = Release|Any CPU
		{E07D222C-99E9-4FCC-B9A1-A2FB17D7B8EA}.Release|Any CPU.Build.0 = Release|Any CPU
		{E07D222C-99E9-4FCC-B9A1-A2FB17D7B8EA}.Release|Any CPU.Deploy.0 = Release|Any CPU
		{4F11DA18-2AE2-481F-9895-F2AEC88D8F25}.Debug|Any CPU.ActiveCfg = Debug|Any CPU
		{4F11DA18-2AE2-481F-9895-F2AEC88D8F25}.Debug|Any CPU.Build.0 = Debug|Any CPU
		{4F11DA18-2AE2-481F-9895-F2AEC88D8F25}.Debug|Any CPU.Deploy.0 = Debug|Any CPU
		{4F11DA18-2AE2-481F-9895-F2AEC88D8F25}.Release|Any CPU.ActiveCfg = Release|Any CPU
		{4F11DA18-2AE2-481F-9895-F2AEC88D8F25}.Release|Any CPU.Build.0 = Release|Any CPU
		{4F11DA18-2AE2-481F-9895-F2AEC88D8F25}.Release|Any CPU.Deploy.0 = Release|Any CPU
	EndGlobalSection
	GlobalSection(SolutionProperties) = preSolution
		HideSolutionNode = FALSE
	EndGlobalSection
	GlobalSection(ExtensibilityGlobals) = postSolution
		SolutionGuid = {89D17651-6B84-4A3C-8643-6E1DFCF58F3D}
	EndGlobalSection
EndGlobal
